{
  "name": "colstonjs",
  "version": "0.1.0",
  "lockfileVersion": 1,
  "requires": true,
  "dependencies": {
    "bun-types": {
      "version": "0.1.4",
      "resolved": "https://registry.npmjs.org/bun-types/-/bun-types-0.1.4.tgz",
      "integrity": "sha512-8nyx22INhlPT+R/1MebbAK7TX48aLQdrLTEmce3oTlne5GunoxMEtCiHOku90XKeHbxxbMkkPI2TX1m0pvlLaw=="
    }
  }
}
